
Microsoft Visual Studio Solution File, Format Version 12.00
# Visual Studio Version 17
VisualStudioVersion = 17.1.32421.90
MinimumVisualStudioVersion = 10.0.40219.1
Project("{9A19103F-16F7-4668-BE54-9A1E7A4F7556}") = "Jenin.FontAwesome.Blazor.Sample", "src\Jenin.FontAwesome.Blazor.Sample\Jenin.FontAwesome.Blazor.Sample.csproj", "{8977E616-5359-4AF4-B1C0-9D975CEE07B6}"
EndProject
Project("{9A19103F-16F7-4668-BE54-9A1E7A4F7556}") = "Jenin.FontAwesome.Blazor", "src\Jenin.FontAwesome.Blazor\Jenin.FontAwesome.Blazor.csproj", "{10B15100-2A20-447C-8489-A01D519B97DE}"
EndProject
Project("{2150E333-8FDC-42A3-9474-1A3956D46DE8}") = "Solution Items", "Solution Items", "{551D4528-BBBA-498A-BAEE-02C469F49C48}"
	ProjectSection(SolutionItems) = preProject
		.editorconfig = .editorconfig
		LICENSES = LICENSES
		README.md = README.md
	EndProjectSection
EndProject
Project("{FAE04EC0-301F-11D3-BF4B-00C04F79EFBC}") = "Jenin.FontAwesome.Blazor.Wasm.Sample", "src\Jenin.FontAwesome.Blazor.Wasm.Sample\Jenin.FontAwesome.Blazor.Wasm.Sample.csproj", "{E12926CF-4FAD-4B3C-833C-12C4719A759E}"
EndProject
Global
	GlobalSection(SolutionConfigurationPlatforms) = preSolution
		Debug|Any CPU = Debug|Any CPU
		Release|Any CPU = Release|Any CPU
	EndGlobalSection
	GlobalSection(ProjectConfigurationPlatforms) = postSolution
		{8977E616-5359-4AF4-B1C0-9D975CEE07B6}.Debug|Any CPU.ActiveCfg = Debug|Any CPU
		{8977E616-5359-4AF4-B1C0-9D975CEE07B6}.Debug|Any CPU.Build.0 = Debug|Any CPU
		{8977E616-5359-4AF4-B1C0-9D975CEE07B6}.Release|Any CPU.ActiveCfg = Release|Any CPU
		{8977E616-5359-4AF4-B1C0-9D975CEE07B6}.Release|Any CPU.Build.0 = Release|Any CPU
		{10B15100-2A20-447C-8489-A01D519B97DE}.Debug|Any CPU.ActiveCfg = Debug|Any CPU
		{10B15100-2A20-447C-8489-A01D519B97DE}.Debug|Any CPU.Build.0 = Debug|Any CPU
		{10B15100-2A20-447C-8489-A01D519B97DE}.Release|Any CPU.ActiveCfg = Release|Any CPU
		{10B15100-2A20-447C-8489-A01D519B97DE}.Release|Any CPU.Build.0 = Release|Any CPU
		{E12926CF-4FAD-4B3C-833C-12C4719A759E}.Debug|Any CPU.ActiveCfg = Debug|Any CPU
		{E12926CF-4FAD-4B3C-833C-12C4719A759E}.Debug|Any CPU.Build.0 = Debug|Any CPU
		{E12926CF-4FAD-4B3C-833C-12C4719A759E}.Release|Any CPU.ActiveCfg = Release|Any CPU
		{E12926CF-4FAD-4B3C-833C-12C4719A759E}.Release|Any CPU.Build.0 = Release|Any CPU
	EndGlobalSection
	GlobalSection(SolutionProperties) = preSolution
		HideSolutionNode = FALSE
	EndGlobalSection
	GlobalSection(ExtensibilityGlobals) = postSolution
		SolutionGuid = {88B9C12A-5F07-42EA-BE11-B79B12721323}
	EndGlobalSection
EndGlobal
